lockfileVersion: '9.0'

settings:
  autoInstallPeers: true
  excludeLinksFromLockfile: false

importers:

  .:
    dependencies:
      dompurify:
        specifier: 3.4.16
        version: 3.4.16
      highlight.js:
        specifier: 11.12.0
        version: 11.12.0
      katex:
        specifier: 0.19.0
        version: 0.19.0

packages:

  '@types/trusted-types@2.0.7':
    resolution: {integrity: sha512-ScaPdn1dQczgbl0QFTeTOmVHFULt394XJgOQNoyVhZ6r2vLnMLJfBPd53SB52T/3G36VI1/g2MZaX0cwDuXsfw==}

  commander@15.0.0:
    resolution: {integrity: sha512-z67u4ZhzCL/Tydu1lJARtEZYWbWaN7oYLHbsuzocr6y4N6WZAagG3RQ4FW61V1/0+jImpj293XfrcYnd1qxtPg==}
    engines: {node: '>=22.12.0'}

  dompurify@3.4.16:
    resolution: {integrity: sha512-sqo+pNp3qRhCIpbgRi1y8Tgk27Bo2Ry7w0dC1NBeNTdZChWjz9Xb/KOoZbRP/R6pQZ80Qw8YhXw13hWWBbMRnQ==}

  highlight.js@11.12.0:
    resolution: {integrity: sha512-nbfWpyRMcMrPMmDwJB+dhX/eiaPKtc2RB+0QZskqJ3WjRA/FDS0e9hZrx8EC/lbEv8gXy98FcDbNa/dspAaJMg==}
    engines: {node: '>=12.0.0'}

  katex@0.19.0:
    resolution: {integrity: sha512-v6Tznz3zJ7u3niRCoDTsumM2+HA2XXcCu+WAacCeHD2z3p9A9Ks987o5FzfTGBN0e8A0vjEgIDvLbICrXpdw/Q==}
    hasBin: true

snapshots:

  '@types/trusted-types@2.0.7':
    optional: true

  commander@15.0.0: {}

  dompurify@3.4.16:
    optionalDependencies:
      '@types/trusted-types': 2.0.7

  highlight.js@11.12.0: {}

  katex@0.19.0:
    dependencies:
      commander: 15.0.0
